# THIS IS AN AUTOGENERATED FILE. DO NOT EDIT THIS FILE DIRECTLY.
# yarn lockfile v1
ansi-regex@^0.2.0, ansi-regex@^0.2.1:
  version "0.2.1"
  resolved "https://registry.yarnpkg.com/ansi-regex/-/ansi-regex-0.2.1.tgz#0d8e946967a3d8143f93e24e298525fc1b2235f9"

ansi-styles@^1.1.0:
  version "1.1.0"
  resolved "https://registry.yarnpkg.com/ansi-styles/-/ansi-styles-1.1.0.tgz#eaecbf66cd706882760b2f4691582b8f55d7a7de"

aurelia-loader@^1.0.0:
  version "1.0.0"
  resolved "https://registry.yarnpkg.com/aurelia-loader/-/aurelia-loader-1.0.0.tgz#b78c2a2813aa8e441247237dd66fd62e5d4e19ea"
  dependencies:
    aurelia-metadata "^1.0.0"
    aurelia-path "^1.0.0"

aurelia-metadata@^1.0.0, aurelia-metadata@^1.0.2:
  version "1.0.2"
  resolved "https://registry.yarnpkg.com/aurelia-metadata/-/aurelia-metadata-1.0.2.tgz#a3b2fc9470c12ea64776b58a23a7cfead3e7c18b"
  dependencies:
    aurelia-pal "^1.0.0"

aurelia-pal@^1.0.0:
  version "1.0.0"
  resolved "https://registry.yarnpkg.com/aurelia-pal/-/aurelia-pal-1.0.0.tgz#f195eda935cca29d22e885a0144b2a2953ffd9d3"

aurelia-path@^1.0.0, aurelia-path@^1.1.1:
  version "1.1.1"
  resolved "https://registry.yarnpkg.com/aurelia-path/-/aurelia-path-1.1.1.tgz#caa9d20bc8515a5f9f286d9a3b18d81b2c85b0dd"

"aurelia-tools@github:aurelia/tools#cli":
  version "1.0.0"
  resolved "https://codeload.github.com/aurelia/tools/tar.gz/bf0a582b5e5e066fb3cbac8ef048ce551f75cee4"
  dependencies:
    breeze-dag "^0.1.0"
    through2 "^2.0.0"

bluebird@2.9.6:
  version "2.9.6"
  resolved "https://registry.yarnpkg.com/bluebird/-/bluebird-2.9.6.tgz#1fc3a6b1685267dc121b5ec89b32ce069d81ab7d"

breeze-dag@^0.1.0:
  version "0.1.0"
  resolved "https://registry.yarnpkg.com/breeze-dag/-/breeze-dag-0.1.0.tgz#c90c9455961e7973fc6feb4bef009a498bf1dc80"
  dependencies:
    breeze-queue "0.1.x"
    gaia-tsort "*"

breeze-nexttick@*:
  version "0.2.1"
  resolved "https://registry.yarnpkg.com/breeze-nexttick/-/breeze-nexttick-0.2.1.tgz#1e0b82f45eab600d84f0e91f16aef8d65b2dfbab"

breeze-queue@0.1.x:
  version "0.1.0"
  resolved "https://registry.yarnpkg.com/breeze-queue/-/breeze-queue-0.1.0.tgz#7fd41058fe608725833d2491d88d28ca2cf89c90"
  dependencies:
    breeze-nexttick "*"

chalk@0.5.1:
  version "0.5.1"
  resolved "https://registry.yarnpkg.com/chalk/-/chalk-0.5.1.tgz#663b3a648b68b55d04690d49167aa837858f2174"
  dependencies:
    ansi-styles "^1.1.0"
    escape-string-regexp "^1.0.0"
    has-ansi "^0.1.0"
    strip-ansi "^0.3.0"
    supports-color "^0.2.0"

commander@2.6.0:
  version "2.6.0"
  resolved "https://registry.yarnpkg.com/commander/-/commander-2.6.0.tgz#9df7e52fb2a0cb0fb89058ee80c3104225f37e1d"

concurrently@^3.1.0:
  version "3.1.0"
  resolved "https://registry.yarnpkg.com/concurrently/-/concurrently-3.1.0.tgz#dc5ef0459090012604756668894c04b434ef90d1"
  dependencies:
    bluebird "2.9.6"
    chalk "0.5.1"
    commander "2.6.0"
    lodash "^4.5.1"
    moment "^2.11.2"
    rx "2.3.24"
    spawn-default-shell "^1.1.0"
    tree-kill "^1.1.0"

core-util-is@~1.0.0:
  version "1.0.2"
  resolved "https://registry.yarnpkg.com/core-util-is/-/core-util-is-1.0.2.tgz#b5fd54220aa2bc5ab57aab7140c940754503c1a7"

cross-env@^3.1.3:
  version "3.1.3"
  resolved "https://registry.yarnpkg.com/cross-env/-/cross-env-3.1.3.tgz#58cd8231808f50089708b091f7dd37275a8e8154"
  dependencies:
    cross-spawn "^3.0.1"

cross-spawn@^3.0.1:
  version "3.0.1"
  resolved "https://registry.yarnpkg.com/cross-spawn/-/cross-spawn-3.0.1.tgz#1256037ecb9f0c5f79e3d6ef135e30770184b982"
  dependencies:
    lru-cache "^4.0.1"
    which "^1.2.9"

escape-string-regexp@^1.0.0:
  version "1.0.5"
  resolved "https://registry.yarnpkg.com/escape-string-regexp/-/escape-string-regexp-1.0.5.tgz#1b61c0562190a8dff6ae3bb2cf0200ca130b86d4"

gaia-tsort@*:
  version "0.1.0"
  resolved "https://registry.yarnpkg.com/gaia-tsort/-/gaia-tsort-0.1.0.tgz#c9ed461ff096e12b8662dd06c41efa6101d7e840"

has-ansi@^0.1.0:
  version "0.1.0"
  resolved "https://registry.yarnpkg.com/has-ansi/-/has-ansi-0.1.0.tgz#84f265aae8c0e6a88a12d7022894b7568894c62e"
  dependencies:
    ansi-regex "^0.2.0"

inherits@~2.0.1:
  version "2.0.3"
  resolved "https://registry.yarnpkg.com/inherits/-/inherits-2.0.3.tgz#633c2c83e3da42a502f52466022480f4208261de"

isarray@~1.0.0:
  version "1.0.0"
  resolved "https://registry.yarnpkg.com/isarray/-/isarray-1.0.0.tgz#bb935d48582cba168c06834957a54a3e07124f11"

isexe@^1.1.1:
  version "1.1.2"
  resolved "https://registry.yarnpkg.com/isexe/-/isexe-1.1.2.tgz#36f3e22e60750920f5e7241a476a8c6a42275ad0"

lodash@^4.5.1:
  version "4.16.6"
  resolved "https://registry.yarnpkg.com/lodash/-/lodash-4.16.6.tgz#d22c9ac660288f3843e16ba7d2b5d06cca27d777"

lru-cache@^4.0.1:
  version "4.0.1"
  resolved "https://registry.yarnpkg.com/lru-cache/-/lru-cache-4.0.1.tgz#1343955edaf2e37d9b9e7ee7241e27c4b9fb72be"
  dependencies:
    pseudomap "^1.0.1"
    yallist "^2.0.0"

moment@^2.11.2:
  version "2.16.0"
  resolved "https://registry.yarnpkg.com/moment/-/moment-2.16.0.tgz#f38f2c97c9889b0ee18fc6cc392e1e443ad2da8e"

process-nextick-args@~1.0.6:
  version "1.0.7"
  resolved "https://registry.yarnpkg.com/process-nextick-args/-/process-nextick-args-1.0.7.tgz#150e20b756590ad3f91093f25a4f2ad8bff30ba3"

pseudomap@^1.0.1:
  version "1.0.2"
  resolved "https://registry.yarnpkg.com/pseudomap/-/pseudomap-1.0.2.tgz#f052a28da70e618917ef0a8ac34c1ae5a68286b3"

readable-stream@~2.0.0:
  version "2.0.6"
  resolved "https://registry.yarnpkg.com/readable-stream/-/readable-stream-2.0.6.tgz#8f90341e68a53ccc928788dacfcd11b36eb9b78e"
  dependencies:
    core-util-is "~1.0.0"
    inherits "~2.0.1"
    isarray "~1.0.0"
    process-nextick-args "~1.0.6"
    string_decoder "~0.10.x"
    util-deprecate "~1.0.1"

rx@2.3.24:
  version "2.3.24"
  resolved "https://registry.yarnpkg.com/rx/-/rx-2.3.24.tgz#14f950a4217d7e35daa71bbcbe58eff68ea4b2b7"

spawn-default-shell@^1.1.0:
  version "1.1.0"
  resolved "https://registry.yarnpkg.com/spawn-default-shell/-/spawn-default-shell-1.1.0.tgz#095439d44c4b7c0aff56a53929fbaab87878e7c6"

string_decoder@~0.10.x:
  version "0.10.31"
  resolved "https://registry.yarnpkg.com/string_decoder/-/string_decoder-0.10.31.tgz#62e203bc41766c6c28c9fc84301dab1c5310fa94"

strip-ansi@^0.3.0:
  version "0.3.0"
  resolved "https://registry.yarnpkg.com/strip-ansi/-/strip-ansi-0.3.0.tgz#25f48ea22ca79187f3174a4db8759347bb126220"
  dependencies:
    ansi-regex "^0.2.1"

supports-color@^0.2.0:
  version "0.2.0"
  resolved "https://registry.yarnpkg.com/supports-color/-/supports-color-0.2.0.tgz#d92de2694eb3f67323973d7ae3d8b55b4c22190a"

through2@^2.0.0:
  version "2.0.1"
  resolved "https://registry.yarnpkg.com/through2/-/through2-2.0.1.tgz#384e75314d49f32de12eebb8136b8eb6b5d59da9"
  dependencies:
    readable-stream "~2.0.0"
    xtend "~4.0.0"

tree-kill@^1.1.0:
  version "1.1.0"
  resolved "https://registry.yarnpkg.com/tree-kill/-/tree-kill-1.1.0.tgz#c963dcf03722892ec59cba569e940b71954d1729"

typescript@^2.1.0:
  version "2.1.1"
  resolved "https://registry.yarnpkg.com/typescript/-/typescript-2.1.1.tgz#41c2b64472f529331b2055c0424862b44ce58d42"

util-deprecate@~1.0.1:
  version "1.0.2"
  resolved "https://registry.yarnpkg.com/util-deprecate/-/util-deprecate-1.0.2.tgz#450d4dc9fa70de732762fbd2d4a28981419a0ccf"

which@^1.2.9:
  version "1.2.11"
  resolved "https://registry.yarnpkg.com/which/-/which-1.2.11.tgz#c8b2eeea6b8c1659fa7c1dd4fdaabe9533dc5e8b"
  dependencies:
    isexe "^1.1.1"

xtend@~4.0.0:
  version "4.0.1"
  resolved "https://registry.yarnpkg.com/xtend/-/xtend-4.0.1.tgz#a5c6d532be656e23db820efb943a1f04998d63af"

yallist@^2.0.0:
  version "2.0.0"
  resolved "https://registry.yarnpkg.com/yallist/-/yallist-2.0.0.tgz#306c543835f09ee1a4cb23b7bce9ab341c91cdd4"

